github.com/tencentcloud/tencentcloud-sdk-go/tencentcloud/cdn v1.0.967 h1:xkKe/2lVEhF1IrtWFbX0i5UE/kAfdv5wlYLo8DChaHI=
github.com/tencentcloud/tencentcloud-sdk-go/tencentcloud/cdn v1.0.967/go.mod h1:XowG+Ppj35nEDEA2OF3tGXDEsejZlTmjVK4D9bDGg2c=
github.com/tencentcloud/tencentcloud-sdk-go/tencentcloud/common v1.0.967 h1:ui73H/2pKk2aDCxaBCLAeMB3JlNgdCkn0nx1x0pqvf0=
github.com/tencentcloud/tencentcloud-sdk-go/tencentcloud/common v1.0.967/go.mod h1:r5r4xbfxSaeR04b166HGsBa/R4U3SueirEUpXGuw+Q0=
github.com/tencentcloud/tencentcloud-sdk-go/tencentcloud/ssl v1.0.967 h1:KZxyLBA9yAF5EUEQFpQw92ksOpAI0gAmHmJAOqDZeK0=
github.com/tencentcloud/tencentcloud-sdk-go/tencentcloud/ssl v1.0.967/go.mod h1:YOVeDZqQ9GCIrM+HvqT0nwUybQ1SawJx/T2/Lqt8qj4=
